// !$*UTF8*$!
{
	archiveVersion = 1;
	classes = {
	};
	objectVersion = 46;
	objects = {

/* Begin PBXBuildFile section */
		EEA094FF1F04318400AAAFD3 /* AppDelegate.swift in Sources */ = {isa = PBXBuildFile; fileRef = EEA094FE1F04318400AAAFD3 /* AppDelegate.swift */; };
		EEA095041F04318400AAAFD3 /* Main.storyboard in Resources */ = {isa = PBXBuildFile; fileRef = EEA095021F04318400AAAFD3 /* Main.storyboard */; };
		EEA095061F04318400AAAFD3 /* Assets.xcassets in Resources */ = {isa = PBXBuildFile; fileRef = EEA095051F04318400AAAFD3 /* Assets.xcassets */; };
		EEA095091F04318400AAAFD3 /* LaunchScreen.storyboard in Resources */ = {isa = PBXBuildFile; fileRef = EEA095071F04318400AAAFD3 /* LaunchScreen.storyboard */; };
		EEA095141F04318400AAAFD3 /* TacoPOPTests.swift in Sources */ = {isa = PBXBuildFile; fileRef = EEA095131F04318400AAAFD3 /* TacoPOPTests.swift */; };
		EEA095251F04351A00AAAFD3 /* MainVC.swift in Sources */ = {isa = PBXBuildFile; fileRef = EEA095241F04351A00AAAFD3 /* MainVC.swift */; };
		EEA095271F0438DD00AAAFD3 /* DropShadow.swift in Sources */ = {isa = PBXBuildFile; fileRef = EEA095261F0438DD00AAAFD3 /* DropShadow.swift */; };
		EEA095291F0439C600AAAFD3 /* HeaderView.swift in Sources */ = {isa = PBXBuildFile; fileRef = EEA095281F0439C600AAAFD3 /* HeaderView.swift */; };
		EEF769BD1F0ADBF900DCF420 /* Taco.swift in Sources */ = {isa = PBXBuildFile; fileRef = EEF769BC1F0ADBF900DCF420 /* Taco.swift */; };
		EEF769BF1F0ADEFE00DCF420 /* DataService.swift in Sources */ = {isa = PBXBuildFile; fileRef = EEF769BE1F0ADEFE00DCF420 /* DataService.swift */; };
		EEF769C21F0AE28000DCF420 /* TacoCell.swift in Sources */ = {isa = PBXBuildFile; fileRef = EEF769C01F0AE28000DCF420 /* TacoCell.swift */; };
		EEF769C31F0AE28000DCF420 /* TacoCell.xib in Resources */ = {isa = PBXBuildFile; fileRef = EEF769C11F0AE28000DCF420 /* TacoCell.xib */; };
		EEF769C51F0AE74000DCF420 /* ReusableView.swift in Sources */ = {isa = PBXBuildFile; fileRef = EEF769C41F0AE74000DCF420 /* ReusableView.swift */; };
		EEF769C71F0AE7C400DCF420 /* NibLoadableView.swift in Sources */ = {isa = PBXBuildFile; fileRef = EEF769C61F0AE7C400DCF420 /* NibLoadableView.swift */; };
		EEF769C91F0AE85900DCF420 /* UICollectionView+Ext.swift in Sources */ = {isa = PBXBuildFile; fileRef = EEF769C81F0AE85900DCF420 /* UICollectionView+Ext.swift */; };
		EEF769CB1F0B093D00DCF420 /* MutableCollection+Ext.swift in Sources */ = {isa = PBXBuildFile; fileRef = EEF769CA1F0B093D00DCF420 /* MutableCollection+Ext.swift */; };
		EEF769CD1F0B0A9800DCF420 /* Shakeable.swift in Sources */ = {isa = PBXBuildFile; fileRef = EEF769CC1F0B0A9800DCF420 /* Shakeable.swift */; };
/* End PBXBuildFile section */

/* Begin PBXContainerItemProxy section */
		EEA095101F04318400AAAFD3 /* PBXContainerItemProxy */ = {
			isa = PBXContainerItemProxy;
			containerPortal = EEA094F31F04318400AAAFD3 /* Project object */;
			proxyType = 1;
			remoteGlobalIDString = EEA094FA1F04318400AAAFD3;
			remoteInfo = TacoPOP;
		};
/* End PBXContainerItemProxy section */

/* Begin PBXFileReference section */
		EEA094FB1F04318400AAAFD3 /* TacoPOP.app */ = {isa = PBXFileReference; explicitFileType = wrapper.application; includeInIndex = 0; path = TacoPOP.app; sourceTree = BUILT_PRODUCTS_DIR; };
		EEA094FE1F04318400AAAFD3 /* AppDelegate.swift */ = {isa = PBXFileReference; lastKnownFileType = sourcecode.swift; path = AppDelegate.swift; sourceTree = "<group>"; };
		EEA095031F04318400AAAFD3 /* Base */ = {isa = PBXFileReference; lastKnownFileType = file.storyboard; name = Base; path = Base.lproj/Main.storyboard; sourceTree = "<group>"; };
		EEA095051F04318400AAAFD3 /* Assets.xcassets */ = {isa = PBXFileReference; lastKnownFileType = folder.assetcatalog; path = Assets.xcassets; sourceTree = "<group>"; };
		EEA095081F04318400AAAFD3 /* Base */ = {isa = PBXFileReference; lastKnownFileType = file.storyboard; name = Base; path = Base.lproj/LaunchScreen.storyboard; sourceTree = "<group>"; };
		EEA0950A1F04318400AAAFD3 /* Info.plist */ = {isa = PBXFileReference; lastKnownFileType = text.plist.xml; path = Info.plist; sourceTree = "<group>"; };
		EEA0950F1F04318400AAAFD3 /* TacoPOPTests.xctest */ = {isa = PBXFileReference; explicitFileType = wrapper.cfbundle; includeInIndex = 0; path = TacoPOPTests.xctest; sourceTree = BUILT_PRODUCTS_DIR; };
		EEA095131F04318400AAAFD3 /* TacoPOPTests.swift */ = {isa = PBXFileReference; lastKnownFileType = sourcecode.swift; path = TacoPOPTests.swift; sourceTree = "<group>"; };
		EEA095151F04318400AAAFD3 /* Info.plist */ = {isa = PBXFileReference; lastKnownFileType = text.plist.xml; path = Info.plist; sourceTree = "<group>"; };
		EEA095241F04351A00AAAFD3 /* MainVC.swift */ = {isa = PBXFileReference; fileEncoding = 4; lastKnownFileType = sourcecode.swift; path = MainVC.swift; sourceTree = "<group>"; };
		EEA095261F0438DD00AAAFD3 /* DropShadow.swift */ = {isa = PBXFileReference; fileEncoding = 4; lastKnownFileType = sourcecode.swift; path = DropShadow.swift; sourceTree = "<group>"; };
		EEA095281F0439C600AAAFD3 /* HeaderView.swift */ = {isa = PBXFileReference; fileEncoding = 4; lastKnownFileType = sourcecode.swift; path = HeaderView.swift; sourceTree = "<group>"; };
		EEF769BC1F0ADBF900DCF420 /* Taco.swift */ = {isa = PBXFileReference; fileEncoding = 4; lastKnownFileType = sourcecode.swift; path = Taco.swift; sourceTree = "<group>"; };
		EEF769BE1F0ADEFE00DCF420 /* DataService.swift */ = {isa = PBXFileReference; fileEncoding = 4; lastKnownFileType = sourcecode.swift; path = DataService.swift; sourceTree = "<group>"; };
		EEF769C01F0AE28000DCF420 /* TacoCell.swift */ = {isa = PBXFileReference; fileEncoding = 4; lastKnownFileType = sourcecode.swift; path = TacoCell.swift; sourceTree = "<group>"; };
		EEF769C11F0AE28000DCF420 /* TacoCell.xib */ = {isa = PBXFileReference; fileEncoding = 4; lastKnownFileType = file.xib; path = TacoCell.xib; sourceTree = "<group>"; };
		EEF769C41F0AE74000DCF420 /* ReusableView.swift */ = {isa = PBXFileReference; fileEncoding = 4; lastKnownFileType = sourcecode.swift; path = ReusableView.swift; sourceTree = "<group>"; };
		EEF769C61F0AE7C400DCF420 /* NibLoadableView.swift */ = {isa = PBXFileReference; fileEncoding = 4; lastKnownFileType = sourcecode.swift; path = NibLoadableView.swift; sourceTree = "<group>"; };
		EEF769C81F0AE85900DCF420 /* UICollectionView+Ext.swift */ = {isa = PBXFileReference; fileEncoding = 4; lastKnownFileType = sourcecode.swift; path = "UICollectionView+Ext.swift"; sourceTree = "<group>"; };
		EEF769CA1F0B093D00DCF420 /* MutableCollection+Ext.swift */ = {isa = PBXFileReference; fileEncoding = 4; lastKnownFileType = sourcecode.swift; path = "MutableCollection+Ext.swift"; sourceTree = "<group>"; };
		EEF769CC1F0B0A9800DCF420 /* Shakeable.swift */ = {isa = PBXFileReference; fileEncoding = 4; lastKnownFileType = sourcecode.swift; path = Shakeable.swift; sourceTree = "<group>"; };
/* End PBXFileReference section */

/* Begin PBXFrameworksBuildPhase section */
		EEA094F81F04318400AAAFD3 /* Frameworks */ = {
			isa = PBXFrameworksBuildPhase;
			buildActionMask = 2147483647;
			files = (
			);
			runOnlyForDeploymentPostprocessing = 0;
		};
		EEA0950C1F04318400AAAFD3 /* Frameworks */ = {
			isa = PBXFrameworksBuildPhase;
			buildActionMask = 2147483647;
			files = (
			);
			runOnlyForDeploymentPostprocessing = 0;
		};
/* End PBXFrameworksBuildPhase section */

/* Begin PBXGroup section */
		EEA094F21F04318400AAAFD3 = {
			isa = PBXGroup;
			children = (
				EEA094FD1F04318400AAAFD3 /* TacoPOP */,
				EEA095121F04318400AAAFD3 /* TacoPOPTests */,
				EEA094FC1F04318400AAAFD3 /* Products */,
			);
			sourceTree = "<group>";
		};
		EEA094FC1F04318400AAAFD3 /* Products */ = {
			isa = PBXGroup;
			children = (
				EEA094FB1F04318400AAAFD3 /* TacoPOP.app */,
				EEA0950F1F04318400AAAFD3 /* TacoPOPTests.xctest */,
			);
			name = Products;
			sourceTree = "<group>";
		};
		EEA094FD1F04318400AAAFD3 /* TacoPOP */ = {
			isa = PBXGroup;
			children = (
				EEA095231F04348000AAAFD3 /* Extentions */,
				EEA095221F04346C00AAAFD3 /* Protocols */,
				EEA095201F04342900AAAFD3 /* Model */,
				EEA0951F1F04342200AAAFD3 /* View */,
				EEA0951E1F04341400AAAFD3 /* Controller */,
				EEA095211F04344800AAAFD3 /* Resources */,
			);
			path = TacoPOP;
			sourceTree = "<group>";
		};
		EEA095121F04318400AAAFD3 /* TacoPOPTests */ = {
			isa = PBXGroup;
			children = (
				EEA095131F04318400AAAFD3 /* TacoPOPTests.swift */,
				EEA095151F04318400AAAFD3 /* Info.plist */,
			);
			path = TacoPOPTests;
			sourceTree = "<group>";
		};
		EEA0951E1F04341400AAAFD3 /* Controller */ = {
			isa = PBXGroup;
			children = (
				EEA094FE1F04318400AAAFD3 /* AppDelegate.swift */,
				EEA095241F04351A00AAAFD3 /* MainVC.swift */,
			);
			name = Controller;
			sourceTree = "<group>";
		};
		EEA0951F1F04342200AAAFD3 /* View */ = {
			isa = PBXGroup;
			children = (
				EEA095021F04318400AAAFD3 /* Main.storyboard */,
				EEA095071F04318400AAAFD3 /* LaunchScreen.storyboard */,
				EEA095281F0439C600AAAFD3 /* HeaderView.swift */,
				EEF769C01F0AE28000DCF420 /* TacoCell.swift */,
				EEF769C11F0AE28000DCF420 /* TacoCell.xib */,
			);
			name = View;
			sourceTree = "<group>";
		};
		EEA095201F04342900AAAFD3 /* Model */ = {
			isa = PBXGroup;
			children = (
				EEF769BC1F0ADBF900DCF420 /* Taco.swift */,
				EEF769BE1F0ADEFE00DCF420 /* DataService.swift */,
			);
			name = Model;
			sourceTree = "<group>";
		};
		EEA095211F04344800AAAFD3 /* Resources */ = {
			isa = PBXGroup;
			children = (
				EEA0950A1F04318400AAAFD3 /* Info.plist */,
				EEA095051F04318400AAAFD3 /* Assets.xcassets */,
			);
			name = Resources;
			sourceTree = "<group>";
		};
		EEA095221F04346C00AAAFD3 /* Protocols */ = {
			isa = PBXGroup;
			children = (
				EEA095261F0438DD00AAAFD3 /* DropShadow.swift */,
				EEF769C41F0AE74000DCF420 /* ReusableView.swift */,
				EEF769C61F0AE7C400DCF420 /* NibLoadableView.swift */,
				EEF769CC1F0B0A9800DCF420 /* Shakeable.swift */,
			);
			name = Protocols;
			sourceTree = "<group>";
		};
		EEA095231F04348000AAAFD3 /* Extentions */ = {
			isa = PBXGroup;
			children = (
				EEF769C81F0AE85900DCF420 /* UICollectionView+Ext.swift */,
				EEF769CA1F0B093D00DCF420 /* MutableCollection+Ext.swift */,
			);
			name = Extentions;
			sourceTree = "<group>";
		};
/* End PBXGroup section */

/* Begin PBXNativeTarget section */
		EEA094FA1F04318400AAAFD3 /* TacoPOP */ = {
			isa = PBXNativeTarget;
			buildConfigurationList = EEA095181F04318400AAAFD3 /* Build configuration list for PBXNativeTarget "TacoPOP" */;
			buildPhases = (
				EEA094F71F04318400AAAFD3 /* Sources */,
				EEA094F81F04318400AAAFD3 /* Frameworks */,
				EEA094F91F04318400AAAFD3 /* Resources */,
			);
			buildRules = (
			);
			dependencies = (
			);
			name = TacoPOP;
			productName = TacoPOP;
			productReference = EEA094FB1F04318400AAAFD3 /* TacoPOP.app */;
			productType = "com.apple.product-type.application";
		};
		EEA0950E1F04318400AAAFD3 /* TacoPOPTests */ = {
			isa = PBXNativeTarget;
			buildConfigurationList = EEA0951B1F04318400AAAFD3 /* Build configuration list for PBXNativeTarget "TacoPOPTests" */;
			buildPhases = (
				EEA0950B1F04318400AAAFD3 /* Sources */,
				EEA0950C1F04318400AAAFD3 /* Frameworks */,
				EEA0950D1F04318400AAAFD3 /* Resources */,
			);
			buildRules = (
			);
			dependencies = (
				EEA095111F04318400AAAFD3 /* PBXTargetDependency */,
			);
			name = TacoPOPTests;
			productName = TacoPOPTests;
			productReference = EEA0950F1F04318400AAAFD3 /* TacoPOPTests.xctest */;
			productType = "com.apple.product-type.bundle.unit-test";
		};
/* End PBXNativeTarget section */

/* Begin PBXProject section */
		EEA094F31F04318400AAAFD3 /* Project object */ = {
			isa = PBXProject;
			attributes = {
				LastSwiftUpdateCheck = 0830;
				LastUpgradeCheck = 0830;
				ORGANIZATIONNAME = "Matt Tripodi";
				TargetAttributes = {
					EEA094FA1F04318400AAAFD3 = {
						CreatedOnToolsVersion = 8.3.3;
						DevelopmentTeam = VJQVDWQ9VC;
						ProvisioningStyle = Automatic;
					};
					EEA0950E1F04318400AAAFD3 = {
						CreatedOnToolsVersion = 8.3.3;
						DevelopmentTeam = VJQVDWQ9VC;
						ProvisioningStyle = Automatic;
						TestTargetID = EEA094FA1F04318400AAAFD3;
					};
				};
			};
			buildConfigurationList = EEA094F61F04318400AAAFD3 /* Build configuration list for PBXProject "TacoPOP" */;
			compatibilityVersion = "Xcode 3.2";
			developmentRegion = English;
			hasScannedForEncodings = 0;
			knownRegions = (
				en,
				Base,
			);
			mainGroup = EEA094F21F04318400AAAFD3;
			productRefGroup = EEA094FC1F04318400AAAFD3 /* Products */;
			projectDirPath = "";
			projectRoot = "";
			targets = (
				EEA094FA1F04318400AAAFD3 /* TacoPOP */,
				EEA0950E1F04318400AAAFD3 /* TacoPOPTests */,
			);
		};
/* End PBXProject section */

/* Begin PBXResourcesBuildPhase section */
		EEA094F91F04318400AAAFD3 /* Resources */ = {
			isa = PBXResourcesBuildPhase;
			buildActionMask = 2147483647;
			files = (
				EEF769C31F0AE28000DCF420 /* TacoCell.xib in Resources */,
				EEA095091F04318400AAAFD3 /* LaunchScreen.storyboard in Resources */,
				EEA095061F04318400AAAFD3 /* Assets.xcassets in Resources */,
				EEA095041F04318400AAAFD3 /* Main.storyboard in Resources */,
			);
			runOnlyForDeploymentPostprocessing = 0;
		};
		EEA0950D1F04318400AAAFD3 /* Resources */ = {
			isa = PBXResourcesBuildPhase;
			buildActionMask = 2147483647;
			files = (
			);
			runOnlyForDeploymentPostprocessing = 0;
		};
/* End PBXResourcesBuildPhase section */

/* Begin PBXSourcesBuildPhase section */
		EEA094F71F04318400AAAFD3 /* Sources */ = {
			isa = PBXSourcesBuildPhase;
			buildActionMask = 2147483647;
			files = (
				EEF769C21F0AE28000DCF420 /* TacoCell.swift in Sources */,
				EEF769CB1F0B093D00DCF420 /* MutableCollection+Ext.swift in Sources */,
				EEA094FF1F04318400AAAFD3 /* AppDelegate.swift in Sources */,
				EEA095271F0438DD00AAAFD3 /* DropShadow.swift in Sources */,
				EEF769C71F0AE7C400DCF420 /* NibLoadableView.swift in Sources */,
				EEF769C91F0AE85900DCF420 /* UICollectionView+Ext.swift in Sources */,
				EEF769C51F0AE74000DCF420 /* ReusableView.swift in Sources */,
				EEA095251F04351A00AAAFD3 /* MainVC.swift in Sources */,
				EEF769BF1F0ADEFE00DCF420 /* DataService.swift in Sources */,
				EEF769BD1F0ADBF900DCF420 /* Taco.swift in Sources */,
				EEF769CD1F0B0A9800DCF420 /* Shakeable.swift in Sources */,
				EEA095291F0439C600AAAFD3 /* HeaderView.swift in Sources */,
			);
			runOnlyForDeploymentPostprocessing = 0;
		};
		EEA0950B1F04318400AAAFD3 /* Sources */ = {
			isa = PBXSourcesBuildPhase;
			buildActionMask = 2147483647;
			files = (
				EEA095141F04318400AAAFD3 /* TacoPOPTests.swift in Sources */,
			);
			runOnlyForDeploymentPostprocessing = 0;
		};
/* End PBXSourcesBuildPhase section */

/* Begin PBXTargetDependency section */
		EEA095111F04318400AAAFD3 /* PBXTargetDependency */ = {
			isa = PBXTargetDependency;
			target = EEA094FA1F04318400AAAFD3 /* TacoPOP */;
			targetProxy = EEA095101F04318400AAAFD3 /* PBXContainerItemProxy */;
		};
/* End PBXTargetDependency section */

/* Begin PBXVariantGroup section */
		EEA095021F04318400AAAFD3 /* Main.storyboard */ = {
			isa = PBXVariantGroup;
			children = (
				EEA095031F04318400AAAFD3 /* Base */,
			);
			name = Main.storyboard;
			sourceTree = "<group>";
		};
		EEA095071F04318400AAAFD3 /* LaunchScreen.storyboard */ = {
			isa = PBXVariantGroup;
			children = (
				EEA095081F04318400AAAFD3 /* Base */,
			);
			name = LaunchScreen.storyboard;
			sourceTree = "<group>";
		};
/* End PBXVariantGroup section */

/* Begin XCBuildConfiguration section */
		EEA095161F04318400AAAFD3 /* Debug */ = {
			isa = XCBuildConfiguration;
			buildSettings = {
				ALWAYS_SEARCH_USER_PATHS = NO;
				CLANG_ANALYZER_NONNULL = YES;
				CLANG_ANALYZER_NUMBER_OBJECT_CONVERSION = YES_AGGRESSIVE;
				CLANG_CXX_LANGUAGE_STANDARD = "gnu++0x";
				CLANG_CXX_LIBRARY = "libc++";
				CLANG_ENABLE_MODULES = YES;
				CLANG_ENABLE_OBJC_ARC = YES;
				CLANG_WARN_BOOL_CONVERSION = YES;
				CLANG_WARN_CONSTANT_CONVERSION = YES;
				CLANG_WARN_DIRECT_OBJC_ISA_USAGE = YES_ERROR;
				CLANG_WARN_DOCUMENTATION_COMMENTS = YES;
				CLANG_WARN_EMPTY_BODY = YES;
				CLANG_WARN_ENUM_CONVERSION = YES;
				CLANG_WARN_INFINITE_RECURSION = YES;
				CLANG_WARN_INT_CONVERSION = YES;
				CLANG_WARN_OBJC_ROOT_CLASS = YES_ERROR;
				CLANG_WARN_SUSPICIOUS_MOVE = YES;
				CLANG_WARN_UNREACHABLE_CODE = YES;
				CLANG_WARN__DUPLICATE_METHOD_MATCH = YES;
				"CODE_SIGN_IDENTITY[sdk=iphoneos*]" = "iPhone Developer";
				COPY_PHASE_STRIP = NO;
				DEBUG_INFORMATION_FORMAT = dwarf;
				ENABLE_STRICT_OBJC_MSGSEND = YES;
				ENABLE_TESTABILITY = YES;
				GCC_C_LANGUAGE_STANDARD = gnu99;
				GCC_DYNAMIC_NO_PIC = NO;
				GCC_NO_COMMON_BLOCKS = YES;
				GCC_OPTIMIZATION_LEVEL = 0;
				GCC_PREPROCESSOR_DEFINITIONS = (
					"DEBUG=1",
					"$(inherited)",
				);
				GCC_WARN_64_TO_32_BIT_CONVERSION = YES;
				GCC_WARN_ABOUT_RETURN_TYPE = YES_ERROR;
				GCC_WARN_UNDECLARED_SELECTOR = YES;
				GCC_WARN_UNINITIALIZED_AUTOS = YES_AGGRESSIVE;
				GCC_WARN_UNUSED_FUNCTION = YES;
				GCC_WARN_UNUSED_VARIABLE = YES;
				IPHONEOS_DEPLOYMENT_TARGET = 10.3;
				MTL_ENABLE_DEBUG_INFO = YES;
				ONLY_ACTIVE_ARCH = YES;
				SDKROOT = iphoneos;
				SWIFT_ACTIVE_COMPILATION_CONDITIONS = DEBUG;
				SWIFT_OPTIMIZATION_LEVEL = "-Onone";
				TARGETED_DEVICE_FAMILY = "1,2";
			};
			name = Debug;
		};
		EEA095171F04318400AAAFD3 /* Release */ = {
			isa = XCBuildConfiguration;
			buildSettings = {
				ALWAYS_SEARCH_USER_PATHS = NO;
				CLANG_ANALYZER_NONNULL = YES;
				CLANG_ANALYZER_NUMBER_OBJECT_CONVERSION = YES_AGGRESSIVE;
				CLANG_CXX_LANGUAGE_STANDARD = "gnu++0x";
				CLANG_CXX_LIBRARY = "libc++";
				CLANG_ENABLE_MODULES = YES;
				CLANG_ENABLE_OBJC_ARC = YES;
				CLANG_WARN_BOOL_CONVERSION = YES;
				CLANG_WARN_CONSTANT_CONVERSION = YES;
				CLANG_WARN_DIRECT_OBJC_ISA_USAGE = YES_ERROR;
				CLANG_WARN_DOCUMENTATION_COMMENTS = YES;
				CLANG_WARN_EMPTY_BODY = YES;
				CLANG_WARN_ENUM_CONVERSION = YES;
				CLANG_WARN_INFINITE_RECURSION = YES;
				CLANG_WARN_INT_CONVERSION = YES;
				CLANG_WARN_OBJC_ROOT_CLASS = YES_ERROR;
				CLANG_WARN_SUSPICIOUS_MOVE = YES;
				CLANG_WARN_UNREACHABLE_CODE = YES;
				CLANG_WARN__DUPLICATE_METHOD_MATCH = YES;
				"CODE_SIGN_IDENTITY[sdk=iphoneos*]" = "iPhone Developer";
				COPY_PHASE_STRIP = NO;
				DEBUG_INFORMATION_FORMAT = "dwarf-with-dsym";
				ENABLE_NS_ASSERTIONS = NO;
				ENABLE_STRICT_OBJC_MSGSEND = YES;
				GCC_C_LANGUAGE_STANDARD = gnu99;
				GCC_NO_COMMON_BLOCKS = YES;
				GCC_WARN_64_TO_32_BIT_CONVERSION = YES;
				GCC_WARN_ABOUT_RETURN_TYPE = YES_ERROR;
				GCC_WARN_UNDECLARED_SELECTOR = YES;
				GCC_WARN_UNINITIALIZED_AUTOS = YES_AGGRESSIVE;
				GCC_WARN_UNUSED_FUNCTION = YES;
				GCC_WARN_UNUSED_VARIABLE = YES;
				IPHONEOS_DEPLOYMENT_TARGET = 10.3;
				MTL_ENABLE_DEBUG_INFO = NO;
				SDKROOT = iphoneos;
				SWIFT_OPTIMIZATION_LEVEL = "-Owholemodule";
				TARGETED_DEVICE_FAMILY = "1,2";
				VALIDATE_PRODUCT = YES;
			};
			name = Release;
		};
		EEA095191F04318400AAAFD3 /* Debug */ = {
			isa = XCBuildConfiguration;
			buildSettings = {
				ASSETCATALOG_COMPILER_APPICON_NAME = AppIcon;
				DEVELOPMENT_TEAM = VJQVDWQ9VC;
				INFOPLIST_FILE = TacoPOP/Info.plist;
				LD_RUNPATH_SEARCH_PATHS = "$(inherited) @executable_path/Frameworks";
				PRODUCT_BUNDLE_IDENTIFIER = com.matttripodi.TacoPOP;
				PRODUCT_NAME = "$(TARGET_NAME)";
				SWIFT_VERSION = 3.0;
			};
			name = Debug;
		};
		EEA0951A1F04318400AAAFD3 /* Release */ = {
			isa = XCBuildConfiguration;
			buildSettings = {
				ASSETCATALOG_COMPILER_APPICON_NAME = AppIcon;
				DEVELOPMENT_TEAM = VJQVDWQ9VC;
				INFOPLIST_FILE = TacoPOP/Info.plist;
				LD_RUNPATH_SEARCH_PATHS = "$(inherited) @executable_path/Frameworks";
				PRODUCT_BUNDLE_IDENTIFIER = com.matttripodi.TacoPOP;
				PRODUCT_NAME = "$(TARGET_NAME)";
				SWIFT_VERSION = 3.0;
			};
			name = Release;
		};
		EEA0951C1F04318400AAAFD3 /* Debug */ = {
			isa = XCBuildConfiguration;
			buildSettings = {
				ALWAYS_EMBED_SWIFT_STANDARD_LIBRARIES = YES;
				BUNDLE_LOADER = "$(TEST_HOST)";
				DEVELOPMENT_TEAM = VJQVDWQ9VC;
				INFOPLIST_FILE = TacoPOPTests/Info.plist;
				LD_RUNPATH_SEARCH_PATHS = "$(inherited) @executable_path/Frameworks @loader_path/Frameworks";
				PRODUCT_BUNDLE_IDENTIFIER = com.matttripodi.TacoPOPTests;
				PRODUCT_NAME = "$(TARGET_NAME)";
				SWIFT_VERSION = 3.0;
				TEST_HOST = "$(BUILT_PRODUCTS_DIR)/TacoPOP.app/TacoPOP";
			};
			name = Debug;
		};
		EEA0951D1F04318400AAAFD3 /* Release */ = {
			isa = XCBuildConfiguration;
			buildSettings = {
				ALWAYS_EMBED_SWIFT_STANDARD_LIBRARIES = YES;
				BUNDLE_LOADER = "$(TEST_HOST)";
				DEVELOPMENT_TEAM = VJQVDWQ9VC;
				INFOPLIST_FILE = TacoPOPTests/Info.plist;
				LD_RUNPATH_SEARCH_PATHS = "$(inherited) @executable_path/Frameworks @loader_path/Frameworks";
				PRODUCT_BUNDLE_IDENTIFIER = com.matttripodi.TacoPOPTests;
				PRODUCT_NAME = "$(TARGET_NAME)";
				SWIFT_VERSION = 3.0;
				TEST_HOST = "$(BUILT_PRODUCTS_DIR)/TacoPOP.app/TacoPOP";
			};
			name = Release;
		};
/* End XCBuildConfiguration section */

/* Begin XCConfigurationList section */
		EEA094F61F04318400AAAFD3 /* Build configuration list for PBXProject "TacoPOP" */ = {
			isa = XCConfigurationList;
			buildConfigurations = (
				EEA095161F04318400AAAFD3 /* Debug */,
				EEA095171F04318400AAAFD3 /* Release */,
			);
			defaultConfigurationIsVisible = 0;
			defaultConfigurationName = Release;
		};
		EEA095181F04318400AAAFD3 /* Build configuration list for PBXNativeTarget "TacoPOP" */ = {
			isa = XCConfigurationList;
			buildConfigurations = (
				EEA095191F04318400AAAFD3 /* Debug */,
				EEA0951A1F04318400AAAFD3 /* Release */,
			);
			defaultConfigurationIsVisible = 0;
			defaultConfigurationName = Release;
		};
		EEA0951B1F04318400AAAFD3 /* Build configuration list for PBXNativeTarget "TacoPOPTests" */ = {
			isa = XCConfigurationList;
			buildConfigurations = (
				EEA0951C1F04318400AAAFD3 /* Debug */,
				EEA0951D1F04318400AAAFD3 /* Release */,
			);
			defaultConfigurationIsVisible = 0;
			defaultConfigurationName = Release;
		};
/* End XCConfigurationList section */
	};
	rootObject = EEA094F31F04318400AAAFD3 /* Project object */;
}
